NeoBundleLock vim-tags 3d6507594de6b504f6979d9a4b84e8ce429e61a4
NeoBundleLock neocomplcache 237442924ac366015e6e0a8a13a31ac37be0c696
NeoBundleLock vim-easymotion 607fb0e6eea76e829cf9c2119e6ff907bf2219b0
NeoBundleLock vim-snippets 147001fb019b63546a4f5b6c1201fc4a0bb89240
NeoBundleLock nerdtree 4f1e6ecb057fc0bac189171c1430d71ef25f6bb1
NeoBundleLock neobundle.vim fd96c964fa8e2d11183fb5070aa9ff6feda4cc3d
NeoBundleLock syntastic de5e025ef0b8a9eec588d618ebaebd104945af4c
NeoBundleLock neosnippet-snippets 37a286a556c9e6992232ded4d20addc889f18113
NeoBundleLock lightline.vim 38751ede420cd7b177f54034ef265bd895d397b5
NeoBundleLock neosnippet 044c9cb8ca46a5e27eec37198990c26fe707b02a
NeoBundleLock vim-autoclose a9a3b7384657bc1f60a963fd6c08c63fc48d61c3
NeoBundleLock vim-quickrun ae97cef42ae142306e9431dce9ab97c4353e5254
