NeoBundleLock ctrlp.vim f2effdc86abf172d6562ec589fa1aa2c8f136a08
NeoBundleLock vim-easymotion 607fb0e6eea76e829cf9c2119e6ff907bf2219b0
NeoBundleLock tagbar 399b75256ac7333d7119d11047f6b3aff8fa2828
NeoBundleLock unite.vim fcc046d9975b8f4abd58bfa7919c70ad58828912
NeoBundleLock neosnippet-snippets 37a286a556c9e6992232ded4d20addc889f18113
NeoBundleLock syntastic de5e025ef0b8a9eec588d618ebaebd104945af4c
NeoBundleLock vim-surround 772ab9587b7d1e2c3bae75395c9123803059ba8a
NeoBundleLock vim-fugitive 0095769029709b531d2505ee6ad9907dd9bd72a0
NeoBundleLock neosnippet 044c9cb8ca46a5e27eec37198990c26fe707b02a
NeoBundleLock vimproc c286dcbdfca9e0ee1a4cb90f09c3f03638112f5a
NeoBundleLock nerdtree 4f1e6ecb057fc0bac189171c1430d71ef25f6bb1
NeoBundleLock vim-autoclose a9a3b7384657bc1f60a963fd6c08c63fc48d61c3
NeoBundleLock vim-quickrun ae97cef42ae142306e9431dce9ab97c4353e5254
NeoBundleLock neocomplcache 237442924ac366015e6e0a8a13a31ac37be0c696
NeoBundleLock vim-snippets 147001fb019b63546a4f5b6c1201fc4a0bb89240
NeoBundleLock neobundle.vim fd96c964fa8e2d11183fb5070aa9ff6feda4cc3d
NeoBundleLock lightline.vim 38751ede420cd7b177f54034ef265bd895d397b5
